
Microsoft Visual Studio Solution File, Format Version 10.00
# Visual Studio 2008
Project("{2150E333-8FDC-42A3-9474-1A3956D46DE8}") = "Core", "Core", "{43B8F4BB-E947-43EE-B380-554AC13D9DB0}"
EndProject
Project("{2150E333-8FDC-42A3-9474-1A3956D46DE8}") = "Core.Tests", "Core.Tests", "{47B0FA4C-A471-48CB-B8F2-54CD79CD3156}"
EndProject
Project("{F184B08F-C81C-45F6-A57F-5ABD9991F28F}") = "AppSimplicity", "Core\AppSimplicity\AppSimplicity.vbproj", "{6DA8D16C-9DB4-4E9C-847D-9862FBD29EFA}"
EndProject
Project("{2150E333-8FDC-42A3-9474-1A3956D46DE8}") = "References", "References", "{A768CAA4-4DA9-4570-8BEB-819AC14205CF}"
	ProjectSection(SolutionItems) = preProject
		References\Ionic.Zip.Reduced.dll = References\Ionic.Zip.Reduced.dll
		References\MySql.Data.dll = References\MySql.Data.dll
		References\System.Data.SQLite.dll = References\System.Data.SQLite.dll
	EndProjectSection
EndProject
Project("{F184B08F-C81C-45F6-A57F-5ABD9991F28F}") = "Tests", "Core.Tests\Tests\Tests.vbproj", "{D1C418E9-99E2-4859-B2F3-B1260CBD8384}"
EndProject
Project("{2150E333-8FDC-42A3-9474-1A3956D46DE8}") = "SpitCode", "SpitCode", "{D0983035-1415-45AC-9DFD-B0DF0C294849}"
EndProject
Project("{2150E333-8FDC-42A3-9474-1A3956D46DE8}") = "DiscoveryAPI", "DiscoveryAPI", "{1BBFC994-D67E-4746-A70A-709E61E5493A}"
EndProject
Project("{F184B08F-C81C-45F6-A57F-5ABD9991F28F}") = "SpitCode.DiscoveryAPI", "SpitCode.DiscoveryAPI\SpitCode.DiscoveryAPI\SpitCode.DiscoveryAPI.vbproj", "{FB9F4752-8678-440D-96EE-330EC240D2B5}"
EndProject
Project("{2150E333-8FDC-42A3-9474-1A3956D46DE8}") = "Notes", "Notes", "{B95823BB-D4A5-4E48-8626-42B73EBEF363}"
	ProjectSection(SolutionItems) = preProject
		TODOs.txt = TODOs.txt
	EndProjectSection
EndProject
Project("{2150E333-8FDC-42A3-9474-1A3956D46DE8}") = "Program", "Program", "{2226841C-1E90-4CB3-8B00-8963B63BFFA6}"
EndProject
Project("{F184B08F-C81C-45F6-A57F-5ABD9991F28F}") = "SpitCode", "SpitCode.DiscoveryAPI\SpitCode.Program\SpitCode\SpitCode.vbproj", "{98FC7703-DC83-456A-AFDA-960B8CDBBA9C}"
EndProject
Project("{2150E333-8FDC-42A3-9474-1A3956D46DE8}") = "TemplateAPI", "TemplateAPI", "{52DE8DC8-0CE0-45E7-A485-92AF7725B7C8}"
EndProject
Global
	GlobalSection(SubversionScc) = preSolution
		Svn-Managed = True
		Manager = AnkhSVN - Subversion Support for Visual Studio
	EndGlobalSection
	GlobalSection(SolutionConfigurationPlatforms) = preSolution
		Debug|Any CPU = Debug|Any CPU
		Release|Any CPU = Release|Any CPU
	EndGlobalSection
	GlobalSection(ProjectConfigurationPlatforms) = postSolution
		{6DA8D16C-9DB4-4E9C-847D-9862FBD29EFA}.Debug|Any CPU.ActiveCfg = Debug|Any CPU
		{6DA8D16C-9DB4-4E9C-847D-9862FBD29EFA}.Debug|Any CPU.Build.0 = Debug|Any CPU
		{6DA8D16C-9DB4-4E9C-847D-9862FBD29EFA}.Release|Any CPU.ActiveCfg = Release|Any CPU
		{6DA8D16C-9DB4-4E9C-847D-9862FBD29EFA}.Release|Any CPU.Build.0 = Release|Any CPU
		{D1C418E9-99E2-4859-B2F3-B1260CBD8384}.Debug|Any CPU.ActiveCfg = Debug|Any CPU
		{D1C418E9-99E2-4859-B2F3-B1260CBD8384}.Debug|Any CPU.Build.0 = Debug|Any CPU
		{D1C418E9-99E2-4859-B2F3-B1260CBD8384}.Release|Any CPU.ActiveCfg = Release|Any CPU
		{D1C418E9-99E2-4859-B2F3-B1260CBD8384}.Release|Any CPU.Build.0 = Release|Any CPU
		{FB9F4752-8678-440D-96EE-330EC240D2B5}.Debug|Any CPU.ActiveCfg = Debug|Any CPU
		{FB9F4752-8678-440D-96EE-330EC240D2B5}.Debug|Any CPU.Build.0 = Debug|Any CPU
		{FB9F4752-8678-440D-96EE-330EC240D2B5}.Release|Any CPU.ActiveCfg = Release|Any CPU
		{FB9F4752-8678-440D-96EE-330EC240D2B5}.Release|Any CPU.Build.0 = Release|Any CPU
		{98FC7703-DC83-456A-AFDA-960B8CDBBA9C}.Debug|Any CPU.ActiveCfg = Debug|Any CPU
		{98FC7703-DC83-456A-AFDA-960B8CDBBA9C}.Debug|Any CPU.Build.0 = Debug|Any CPU
		{98FC7703-DC83-456A-AFDA-960B8CDBBA9C}.Release|Any CPU.ActiveCfg = Release|Any CPU
		{98FC7703-DC83-456A-AFDA-960B8CDBBA9C}.Release|Any CPU.Build.0 = Release|Any CPU
	EndGlobalSection
	GlobalSection(SolutionProperties) = preSolution
		HideSolutionNode = FALSE
	EndGlobalSection
	GlobalSection(NestedProjects) = preSolution
		{6DA8D16C-9DB4-4E9C-847D-9862FBD29EFA} = {43B8F4BB-E947-43EE-B380-554AC13D9DB0}
		{D1C418E9-99E2-4859-B2F3-B1260CBD8384} = {47B0FA4C-A471-48CB-B8F2-54CD79CD3156}
		{1BBFC994-D67E-4746-A70A-709E61E5493A} = {D0983035-1415-45AC-9DFD-B0DF0C294849}
		{2226841C-1E90-4CB3-8B00-8963B63BFFA6} = {D0983035-1415-45AC-9DFD-B0DF0C294849}
		{52DE8DC8-0CE0-45E7-A485-92AF7725B7C8} = {D0983035-1415-45AC-9DFD-B0DF0C294849}
		{FB9F4752-8678-440D-96EE-330EC240D2B5} = {1BBFC994-D67E-4746-A70A-709E61E5493A}
		{98FC7703-DC83-456A-AFDA-960B8CDBBA9C} = {2226841C-1E90-4CB3-8B00-8963B63BFFA6}
	EndGlobalSection
EndGlobal
