
Microsoft Visual Studio Solution File, Format Version 11.00
# Visual Studio 2010
Project("{2150E333-8FDC-42A3-9474-1A3956D46DE8}") = "Entities", "Entities", "{DFA36648-8D17-4D31-8BAF-9DEFDEFE9DE1}"
EndProject
Project("{F184B08F-C81C-45F6-A57F-5ABD9991F28F}") = "AppSimplicity.SchemaDiscovery", "AppSimplicity.SchemaDiscovery\AppSimplicity.SchemaDiscovery.vbproj", "{60E4EB1D-7F35-40A5-8A3B-B4C4308F5C99}"
EndProject
Project("{2150E333-8FDC-42A3-9474-1A3956D46DE8}") = "Implementation", "Implementation", "{F88B21A8-2E91-4A65-AF96-FE2EB805B31D}"
EndProject
Project("{F184B08F-C81C-45F6-A57F-5ABD9991F28F}") = "AppSimplicity.SchemaDiscovery.Providers", "AppSimplicity.SchemaDiscovery.Providers\AppSimplicity.SchemaDiscovery.Providers.vbproj", "{C53C06B6-E27C-48CB-B46A-798B9AD96AFC}"
EndProject
Project("{2150E333-8FDC-42A3-9474-1A3956D46DE8}") = "Shell", "Shell", "{27E61A84-DFC7-4AC1-AD8D-6D055C401702}"
EndProject
Project("{2150E333-8FDC-42A3-9474-1A3956D46DE8}") = "Engine", "Engine", "{192E517D-57E9-44DC-9A05-773E24A63843}"
EndProject
Project("{F184B08F-C81C-45F6-A57F-5ABD9991F28F}") = "AppSimplicity.SchemaDiscovery.Engine", "AppSimplicity.SchemaDiscovery.Engine\AppSimplicity.SchemaDiscovery.Engine.vbproj", "{C9E21E94-126C-458B-80F4-C9E5DD4E26E3}"
EndProject
Global
	GlobalSection(SubversionScc) = preSolution
		Svn-Managed = True
		Manager = AnkhSVN - Subversion Support for Visual Studio
	EndGlobalSection
	GlobalSection(SolutionConfigurationPlatforms) = preSolution
		Debug|Any CPU = Debug|Any CPU
		Release|Any CPU = Release|Any CPU
	EndGlobalSection
	GlobalSection(ProjectConfigurationPlatforms) = postSolution
		{60E4EB1D-7F35-40A5-8A3B-B4C4308F5C99}.Debug|Any CPU.ActiveCfg = Debug|Any CPU
		{60E4EB1D-7F35-40A5-8A3B-B4C4308F5C99}.Debug|Any CPU.Build.0 = Debug|Any CPU
		{60E4EB1D-7F35-40A5-8A3B-B4C4308F5C99}.Release|Any CPU.ActiveCfg = Release|Any CPU
		{60E4EB1D-7F35-40A5-8A3B-B4C4308F5C99}.Release|Any CPU.Build.0 = Release|Any CPU
		{C53C06B6-E27C-48CB-B46A-798B9AD96AFC}.Debug|Any CPU.ActiveCfg = Debug|Any CPU
		{C53C06B6-E27C-48CB-B46A-798B9AD96AFC}.Debug|Any CPU.Build.0 = Debug|Any CPU
		{C53C06B6-E27C-48CB-B46A-798B9AD96AFC}.Release|Any CPU.ActiveCfg = Release|Any CPU
		{C53C06B6-E27C-48CB-B46A-798B9AD96AFC}.Release|Any CPU.Build.0 = Release|Any CPU
		{C9E21E94-126C-458B-80F4-C9E5DD4E26E3}.Debug|Any CPU.ActiveCfg = Debug|Any CPU
		{C9E21E94-126C-458B-80F4-C9E5DD4E26E3}.Debug|Any CPU.Build.0 = Debug|Any CPU
		{C9E21E94-126C-458B-80F4-C9E5DD4E26E3}.Release|Any CPU.ActiveCfg = Release|Any CPU
		{C9E21E94-126C-458B-80F4-C9E5DD4E26E3}.Release|Any CPU.Build.0 = Release|Any CPU
	EndGlobalSection
	GlobalSection(SolutionProperties) = preSolution
		HideSolutionNode = FALSE
	EndGlobalSection
	GlobalSection(NestedProjects) = preSolution
		{60E4EB1D-7F35-40A5-8A3B-B4C4308F5C99} = {DFA36648-8D17-4D31-8BAF-9DEFDEFE9DE1}
		{C53C06B6-E27C-48CB-B46A-798B9AD96AFC} = {F88B21A8-2E91-4A65-AF96-FE2EB805B31D}
		{C9E21E94-126C-458B-80F4-C9E5DD4E26E3} = {192E517D-57E9-44DC-9A05-773E24A63843}
	EndGlobalSection
EndGlobal
